lockfileVersion: '9.0'

settings:
  autoInstallPeers: true
  excludeLinksFromLockfile: false

importers:

  .:
    dependencies:
      cheerio:
        specifier: ^1.0.0-rc.12
        version: 1.0.0
      html-to-docx:
        specifier: ^1.8.0
        version: 1.8.0
      showdown:
        specifier: ^2.1.0
        version: 2.1.0
    devDependencies:
      '@rollup/plugin-commonjs':
        specifier: ^28.0.3
        version: 28.0.3(rollup@4.36.0)
      '@rollup/plugin-node-resolve':
        specifier: ^16.0.1
        version: 16.0.1(rollup@4.36.0)
      '@rollup/plugin-terser':
        specifier: ^0.4.4
        version: 0.4.4(rollup@4.36.0)
      rollup:
        specifier: ^4.36.0
        version: 4.36.0

packages:

  '@jridgewell/gen-mapping@0.3.8':
    resolution: {integrity: sha512-imAbBGkb+ebQyxKgzv5Hu2nmROxoDOXHh80evxdoXNOrvAnVx7zimzc1Oo5h9RlfV4vPXaE2iM5pOFbvOCClWA==}
    engines: {node: '>=6.0.0'}

  '@jridgewell/resolve-uri@3.1.2':
    resolution: {integrity: sha512-bRISgCIjP20/tbWSPWMEi54QVPRZExkuD9lJL+UIxUKtwVJA8wW1Trb1jMs1RFXo1CBTNZ/5hpC9QvmKWdopKw==}
    engines: {node: '>=6.0.0'}

  '@jridgewell/set-array@1.2.1':
    resolution: {integrity: sha512-R8gLRTZeyp03ymzP/6Lil/28tGeGEzhx1q2k703KGWRAI1VdvPIXdG70VJc2pAMw3NA6JKL5hhFu1sJX0Mnn/A==}
    engines: {node: '>=6.0.0'}

  '@jridgewell/source-map@0.3.6':
    resolution: {integrity: sha512-1ZJTZebgqllO79ue2bm3rIGud/bOe0pP5BjSRCRxxYkEZS8STV7zN84UBbiYu7jy+eCKSnVIUgoWWE/tt+shMQ==}

  '@jridgewell/sourcemap-codec@1.5.0':
    resolution: {integrity: sha512-gv3ZRaISU3fjPAgNsriBRqGWQL6quFx04YMPW/zD8XMLsU32mhCCbfbO6KZFLjvYpCZ8zyDEgqsgf+PwPaM7GQ==}

  '@jridgewell/trace-mapping@0.3.25':
    resolution: {integrity: sha512-vNk6aEwybGtawWmy/PzwnGDOjCkLWSD2wqvjGGAgOAwCGWySYXfYoxt00IJkTF+8Lb57DwOb3Aa0o9CApepiYQ==}

  '@oozcitak/dom@1.15.5':
    resolution: {integrity: sha512-L6v3Mwb0TaYBYgeYlIeBaHnc+2ZEaDSbFiRm5KmqZQSoBlbPlf+l6aIH/sD5GUf2MYwULw00LT7+dOnEuAEC0A==}
    engines: {node: '>=8.0'}

  '@oozcitak/dom@1.15.6':
    resolution: {integrity: sha512-k4uEIa6DI3FCrFJMGq/05U/59WnS9DjME0kaPqBRCJAqBTkmopbYV1Xs4qFKbDJ/9wOg8W97p+1E0heng/LH7g==}
    engines: {node: '>=8.0'}

  '@oozcitak/infra@1.0.3':
    resolution: {integrity: sha512-9O2wxXGnRzy76O1XUxESxDGsXT5kzETJPvYbreO4mv6bqe1+YSuux2cZTagjJ/T4UfEwFJz5ixanOqB0QgYAag==}
    engines: {node: '>=6.0'}

  '@oozcitak/infra@1.0.5':
    resolution: {integrity: sha512-o+zZH7M6l5e3FaAWy3ojaPIVN5eusaYPrKm6MZQt0DKNdgXa2wDYExjpP0t/zx+GoQgQKzLu7cfD8rHCLt8JrQ==}
    engines: {node: '>=6.0'}

  '@oozcitak/url@1.0.0':
    resolution: {integrity: sha512-LGrMeSxeLzsdaitxq3ZmBRVOrlRRQIgNNci6L0VRnOKlJFuRIkNm4B+BObXPCJA6JT5bEJtrrwjn30jueHJYZQ==}
    engines: {node: '>=8.0'}

  '@oozcitak/util@1.0.1':
    resolution: {integrity: sha512-dFwFqcKrQnJ2SapOmRD1nQWEZUtbtIy9Y6TyJquzsalWNJsKIPxmTI0KG6Ypyl8j7v89L2wixH9fQDNrF78hKg==}
    engines: {node: '>=6.0'}

  '@oozcitak/util@1.0.2':
    resolution: {integrity: sha512-4n8B1cWlJleSOSba5gxsMcN4tO8KkkcvXhNWW+ADqvq9Xj+Lrl9uCa90GRpjekqQJyt84aUX015DG81LFpZYXA==}
    engines: {node: '>=6.0'}

  '@oozcitak/util@8.0.0':
    resolution: {integrity: sha512-+9Hq6yuoq/3TRV/n/xcpydGBq2qN2/DEDMqNTG7rm95K6ZE2/YY/sPyx62+1n8QsE9O26e5M1URlXsk+AnN9Jw==}
    engines: {node: '>=6.0'}

  '@oozcitak/util@8.3.3':
    resolution: {integrity: sha512-Ufpab7G5PfnEhQyy5kDg9C8ltWJjsVT1P/IYqacjstaqydG4Q21HAT2HUZQYBrC/a1ZLKCz87pfydlDvv8y97w==}
    engines: {node: '>=6.0'}

  '@oozcitak/util@8.3.4':
    resolution: {integrity: sha512-6gH/bLQJSJEg7OEpkH4wGQdA8KXHRbzL1YkGyUO12YNAgV3jxKy4K9kvfXj4+9T0OLug5k58cnPCKSSIKzp7pg==}
    engines: {node: '>=8.0'}

  '@rollup/plugin-commonjs@28.0.3':
    resolution: {integrity: sha512-pyltgilam1QPdn+Zd9gaCfOLcnjMEJ9gV+bTw6/r73INdvzf1ah9zLIJBm+kW7R6IUFIQ1YO+VqZtYxZNWFPEQ==}
    engines: {node: '>=16.0.0 || 14 >= 14.17'}
    peerDependencies:
      rollup: ^2.68.0||^3.0.0||^4.0.0
    peerDependenciesMeta:
      rollup:
        optional: true

  '@rollup/plugin-node-resolve@16.0.1':
    resolution: {integrity: sha512-tk5YCxJWIG81umIvNkSod2qK5KyQW19qcBF/B78n1bjtOON6gzKoVeSzAE8yHCZEDmqkHKkxplExA8KzdJLJpA==}
    engines: {node: '>=14.0.0'}
    peerDependencies:
      rollup: ^2.78.0||^3.0.0||^4.0.0
    peerDependenciesMeta:
      rollup:
        optional: true

  '@rollup/plugin-terser@0.4.4':
    resolution: {integrity: sha512-XHeJC5Bgvs8LfukDwWZp7yeqin6ns8RTl2B9avbejt6tZqsqvVoWI7ZTQrcNsfKEDWBTnTxM8nMDkO2IFFbd0A==}
    engines: {node: '>=14.0.0'}
    peerDependencies:
      rollup: ^2.0.0||^3.0.0||^4.0.0
    peerDependenciesMeta:
      rollup:
        optional: true

  '@rollup/pluginutils@5.1.4':
    resolution: {integrity: sha512-USm05zrsFxYLPdWWq+K3STlWiT/3ELn3RcV5hJMghpeAIhxfsUIg6mt12CBJBInWMV4VneoV7SfGv8xIwo2qNQ==}
    engines: {node: '>=14.0.0'}
    peerDependencies:
      rollup: ^1.20.0||^2.0.0||^3.0.0||^4.0.0
    peerDependenciesMeta:
      rollup:
        optional: true

  '@rollup/rollup-android-arm-eabi@4.36.0':
    resolution: {integrity: sha512-jgrXjjcEwN6XpZXL0HUeOVGfjXhPyxAbbhD0BlXUB+abTOpbPiN5Wb3kOT7yb+uEtATNYF5x5gIfwutmuBA26w==}
    cpu: [arm]
    os: [android]

  '@rollup/rollup-android-arm64@4.36.0':
    resolution: {integrity: sha512-NyfuLvdPdNUfUNeYKUwPwKsE5SXa2J6bCt2LdB/N+AxShnkpiczi3tcLJrm5mA+eqpy0HmaIY9F6XCa32N5yzg==}
    cpu: [arm64]
    os: [android]

  '@rollup/rollup-darwin-arm64@4.36.0':
    resolution: {integrity: sha512-JQ1Jk5G4bGrD4pWJQzWsD8I1n1mgPXq33+/vP4sk8j/z/C2siRuxZtaUA7yMTf71TCZTZl/4e1bfzwUmFb3+rw==}
    cpu: [arm64]
    os: [darwin]

  '@rollup/rollup-darwin-x64@4.36.0':
    resolution: {integrity: sha512-6c6wMZa1lrtiRsbDziCmjE53YbTkxMYhhnWnSW8R/yqsM7a6mSJ3uAVT0t8Y/DGt7gxUWYuFM4bwWk9XCJrFKA==}
    cpu: [x64]
    os: [darwin]

  '@rollup/rollup-freebsd-arm64@4.36.0':
    resolution: {integrity: sha512-KXVsijKeJXOl8QzXTsA+sHVDsFOmMCdBRgFmBb+mfEb/7geR7+C8ypAml4fquUt14ZyVXaw2o1FWhqAfOvA4sg==}
    cpu: [arm64]
    os: [freebsd]

  '@rollup/rollup-freebsd-x64@4.36.0':
    resolution: {integrity: sha512-dVeWq1ebbvByI+ndz4IJcD4a09RJgRYmLccwlQ8bPd4olz3Y213uf1iwvc7ZaxNn2ab7bjc08PrtBgMu6nb4pQ==}
    cpu: [x64]
    os: [freebsd]

  '@rollup/rollup-linux-arm-gnueabihf@4.36.0':
    resolution: {integrity: sha512-bvXVU42mOVcF4le6XSjscdXjqx8okv4n5vmwgzcmtvFdifQ5U4dXFYaCB87namDRKlUL9ybVtLQ9ztnawaSzvg==}
    cpu: [arm]
    os: [linux]

  '@rollup/rollup-linux-arm-musleabihf@4.36.0':
    resolution: {integrity: sha512-JFIQrDJYrxOnyDQGYkqnNBtjDwTgbasdbUiQvcU8JmGDfValfH1lNpng+4FWlhaVIR4KPkeddYjsVVbmJYvDcg==}
    cpu: [arm]
    os: [linux]

  '@rollup/rollup-linux-arm64-gnu@4.36.0':
    resolution: {integrity: sha512-KqjYVh3oM1bj//5X7k79PSCZ6CvaVzb7Qs7VMWS+SlWB5M8p3FqufLP9VNp4CazJ0CsPDLwVD9r3vX7Ci4J56A==}
    cpu: [arm64]
    os: [linux]

  '@rollup/rollup-linux-arm64-musl@4.36.0':
    resolution: {integrity: sha512-QiGnhScND+mAAtfHqeT+cB1S9yFnNQ/EwCg5yE3MzoaZZnIV0RV9O5alJAoJKX/sBONVKeZdMfO8QSaWEygMhw==}
    cpu: [arm64]
    os: [linux]

  '@rollup/rollup-linux-loongarch64-gnu@4.36.0':
    resolution: {integrity: sha512-1ZPyEDWF8phd4FQtTzMh8FQwqzvIjLsl6/84gzUxnMNFBtExBtpL51H67mV9xipuxl1AEAerRBgBwFNpkw8+Lg==}
    cpu: [loong64]
    os: [linux]

  '@rollup/rollup-linux-powerpc64le-gnu@4.36.0':
    resolution: {integrity: sha512-VMPMEIUpPFKpPI9GZMhJrtu8rxnp6mJR3ZzQPykq4xc2GmdHj3Q4cA+7avMyegXy4n1v+Qynr9fR88BmyO74tg==}
    cpu: [ppc64]
    os: [linux]

  '@rollup/rollup-linux-riscv64-gnu@4.36.0':
    resolution: {integrity: sha512-ttE6ayb/kHwNRJGYLpuAvB7SMtOeQnVXEIpMtAvx3kepFQeowVED0n1K9nAdraHUPJ5hydEMxBpIR7o4nrm8uA==}
    cpu: [riscv64]
    os: [linux]

  '@rollup/rollup-linux-s390x-gnu@4.36.0':
    resolution: {integrity: sha512-4a5gf2jpS0AIe7uBjxDeUMNcFmaRTbNv7NxI5xOCs4lhzsVyGR/0qBXduPnoWf6dGC365saTiwag8hP1imTgag==}
    cpu: [s390x]
    os: [linux]

  '@rollup/rollup-linux-x64-gnu@4.36.0':
    resolution: {integrity: sha512-5KtoW8UWmwFKQ96aQL3LlRXX16IMwyzMq/jSSVIIyAANiE1doaQsx/KRyhAvpHlPjPiSU/AYX/8m+lQ9VToxFQ==}
    cpu: [x64]
    os: [linux]

  '@rollup/rollup-linux-x64-musl@4.36.0':
    resolution: {integrity: sha512-sycrYZPrv2ag4OCvaN5js+f01eoZ2U+RmT5as8vhxiFz+kxwlHrsxOwKPSA8WyS+Wc6Epid9QeI/IkQ9NkgYyQ==}
    cpu: [x64]
    os: [linux]

  '@rollup/rollup-win32-arm64-msvc@4.36.0':
    resolution: {integrity: sha512-qbqt4N7tokFwwSVlWDsjfoHgviS3n/vZ8LK0h1uLG9TYIRuUTJC88E1xb3LM2iqZ/WTqNQjYrtmtGmrmmawB6A==}
    cpu: [arm64]
    os: [win32]

  '@rollup/rollup-win32-ia32-msvc@4.36.0':
    resolution: {integrity: sha512-t+RY0JuRamIocMuQcfwYSOkmdX9dtkr1PbhKW42AMvaDQa+jOdpUYysroTF/nuPpAaQMWp7ye+ndlmmthieJrQ==}
    cpu: [ia32]
    os: [win32]

  '@rollup/rollup-win32-x64-msvc@4.36.0':
    resolution: {integrity: sha512-aRXd7tRZkWLqGbChgcMMDEHjOKudo1kChb1Jt1IfR8cY/KIpgNviLeJy5FUb9IpSuQj8dU2fAYNMPW/hLKOSTw==}
    cpu: [x64]
    os: [win32]

  '@types/estree@1.0.6':
    resolution: {integrity: sha512-AYnb1nQyY49te+VRAVgmzfcgjYS91mY5P0TKUDCLEM+gNnA+3T6rWITXRLYCpahpqSQbN5cE+gHpnPyXjHWxcw==}

  '@types/resolve@1.20.2':
    resolution: {integrity: sha512-60BCwRFOZCQhDncwQdxxeOEEkbc5dIMccYLwbxsS4TUNeVECQ/pBJ0j09mrHOl/JJvpRPGwO9SvE4nR2Nb/a4Q==}

  acorn@8.14.1:
    resolution: {integrity: sha512-OvQ/2pUDKmgfCg++xsTX1wGxfTaszcHVcTctW4UJB4hibJx2HXxxO5UmVgyjMa+ZDsiaf5wWLXYpRWMmBI0QHg==}
    engines: {node: '>=0.4.0'}
    hasBin: true

  boolbase@1.0.0:
    resolution: {integrity: sha512-JZOSA7Mo9sNGB8+UjSgzdLtokWAky1zbztM3WRLCbZ70/3cTANmQmOdR7y2g+J0e2WXywy1yS468tY+IruqEww==}

  browser-split@0.0.1:
    resolution: {integrity: sha512-JhvgRb2ihQhsljNda3BI8/UcRHVzrVwo3Q+P8vDtSiyobXuFpuZ9mq+MbRGMnC22CjW3RrfXdg6j6ITX8M+7Ow==}

  buffer-from@1.1.2:
    resolution: {integrity: sha512-E+XQCRwSbaaiChtv6k6Dwgc+bx+Bs6vuKJHHl5kox/BaKbhiXzqQOwK4cO22yElGp2OCmjwVhT3HmxgyPGnJfQ==}

  call-bind-apply-helpers@1.0.2:
    resolution: {integrity: sha512-Sp1ablJ0ivDkSzjcaJdxEunN5/XvksFJ2sMBFfq6x0ryhQV/2b/KwFe21cMpmHtPOSij8K99/wSfoEuTObmuMQ==}
    engines: {node: '>= 0.4'}

  call-bound@1.0.3:
    resolution: {integrity: sha512-YTd+6wGlNlPxSuri7Y6X8tY2dmm12UMH66RpKMhiX6rsk5wXXnYgbUcOt8kiS31/AjfoTOvCsE+w8nZQLQnzHA==}
    engines: {node: '>= 0.4'}

  camelize@1.0.1:
    resolution: {integrity: sha512-dU+Tx2fsypxTgtLoE36npi3UqcjSSMNYfkqgmoEhtZrraP5VWq0K7FkWVTYa8eMPtnU/G2txVsfdCJTn9uzpuQ==}

  cheerio-select@2.1.0:
    resolution: {integrity: sha512-9v9kG0LvzrlcungtnJtpGNxY+fzECQKhK4EGJX2vByejiMX84MFNQw4UxPJl3bFbTMw+Dfs37XaIkCwTZfLh4g==}

  cheerio@1.0.0:
    resolution: {integrity: sha512-quS9HgjQpdaXOvsZz82Oz7uxtXiy6UIsIQcpBj7HRw2M63Skasm9qlDocAM7jNuaxdhpPU7c4kJN+gA5MCu4ww==}
    engines: {node: '>=18.17'}

  color-name@1.1.4:
    resolution: {integrity: sha512-dOy+3AuW3a2wNbZHIuMZpTcgjGuLU/uBL/ubcZF9OXbDo8ff4O8yVp5Bf0efS8uEoYo5q4Fx7dY9OgQGXgAsQA==}

  commander@2.20.3:
    resolution: {integrity: sha512-GpVkmM8vF2vQUkj2LvZmD35JxeJOLCwJ9cUkugyk2nuhbv3+mJvpLYYt+0+USMxE+oj+ey/lJEnhZw75x/OMcQ==}

  commander@9.5.0:
    resolution: {integrity: sha512-KRs7WVDKg86PWiuAqhDrAQnTXZKraVcCc6vFdL14qrZ/DcWwuRo7VoiYXalXO7S5GKpqYiVEwCbgFDfxNHKJBQ==}
    engines: {node: ^12.20.0 || >=14}

  commondir@1.0.1:
    resolution: {integrity: sha512-W9pAhw0ja1Edb5GVdIF1mjZw/ASI0AlShXM83UUGe2DVr5TdAPEA1OA8m/g8zWp9x6On7gqufY+FatDbC3MDQg==}

  core-util-is@1.0.3:
    resolution: {integrity: sha512-ZQBvi1DcpJ4GDqanjucZ2Hj3wEO5pZDS89BWbkcrvdxksJorwUDDZamX9ldFkp9aw2lmBDLgkObEA4DWNJ9FYQ==}

  css-select@5.1.0:
    resolution: {integrity: sha512-nwoRF1rvRRnnCqqY7updORDsuqKzqYJ28+oSMaJMMgOauh3fvwHqMS7EZpIPqK8GL+g9mKxF1vP/ZjSeNjEVHg==}

  css-what@6.1.0:
    resolution: {integrity: sha512-HTUrgRJ7r4dsZKU6GjmpfRK1O76h97Z8MfS1G0FozR+oF2kG6Vfe8JE6zwrkbxigziPHinCJ+gCPjA9EaBDtRw==}
    engines: {node: '>= 6'}

  deepmerge@4.3.1:
    resolution: {integrity: sha512-3sUqbMEc77XqpdNO7FRyRog+eW3ph+GYCbj+rK+uYyRMuwsVy0rMiVtPn+QJlKFvWP/1PYpapqYn0Me2knFn+A==}
    engines: {node: '>=0.10.0'}

  dom-serializer@0.2.2:
    resolution: {integrity: sha512-2/xPb3ORsQ42nHYiSunXkDjPLBaEj/xTwUO4B7XCZQTRk7EBtTOPaygh10YAAh2OI1Qrp6NWfpAhzswj0ydt9g==}

  dom-serializer@2.0.0:
    resolution: {integrity: sha512-wIkAryiqt/nV5EQKqQpo3SToSOV9J0DnbJqwK7Wv/Trc92zIAYZ4FlMu+JPFW1DfGFt81ZTCGgDEabffXeLyJg==}

  dom-walk@0.1.2:
    resolution: {integrity: sha512-6QvTW9mrGeIegrFXdtQi9pk7O/nSK6lSdXW2eqUspN5LWD7UTji2Fqw5V2YLjBpHEoU9Xl/eUWNpDeZvoyOv2w==}

  domelementtype@1.3.1:
    resolution: {integrity: sha512-BSKB+TSpMpFI/HOxCNr1O8aMOTZ8hT3pM3GQ0w/mWRmkhEDSFJkkyzz4XQsBV44BChwGkrDfMyjVD0eA2aFV3w==}

  domelementtype@2.3.0:
    resolution: {integrity: sha512-OLETBj6w0OsagBwdXnPdN0cnMfF9opN69co+7ZrbfPGrdpPVNBUj02spi6B1N7wChLQiPn4CSH/zJvXw56gmHw==}

  domhandler@2.4.2:
    resolution: {integrity: sha512-JiK04h0Ht5u/80fdLMCEmV4zkNh2BcoMFBmZ/91WtYZ8qVXSKjiw7fXMgFPnHcSZgOo3XdinHvmnDUeMf5R4wA==}

  domhandler@5.0.3:
    resolution: {integrity: sha512-cgwlv/1iFQiFnU96XXgROh8xTeetsnJiDsTc7TYCLFd9+/WNkIqPTxiM/8pSd8VIrhXGTf1Ny1q1hquVqDJB5w==}
    engines: {node: '>= 4'}

  domutils@1.7.0:
    resolution: {integrity: sha512-Lgd2XcJ/NjEw+7tFvfKxOzCYKZsdct5lczQ2ZaQY8Djz7pfAD3Gbp8ySJWtreII/vDlMVmxwa6pHmdxIYgttDg==}

  domutils@3.2.2:
    resolution: {integrity: sha512-6kZKyUajlDuqlHKVX1w7gyslj9MPIXzIFiz/rGu35uC1wMi+kMhQwGhl4lt9unC9Vb9INnY9Z3/ZA3+FhASLaw==}

  dunder-proto@1.0.1:
    resolution: {integrity: sha512-KIN/nDJBQRcXw0MLVhZE9iQHmG68qAVIBg9CqmUYjmQIhgij9U5MFvrqkUL5FbtyyzZuOeOt0zdeRe4UY7ct+A==}
    engines: {node: '>= 0.4'}

  encoding-sniffer@0.2.0:
    resolution: {integrity: sha512-ju7Wq1kg04I3HtiYIOrUrdfdDvkyO9s5XM8QAj/bN61Yo/Vb4vgJxy5vi4Yxk01gWHbrofpPtpxM8bKger9jhg==}

  ent@2.2.2:
    resolution: {integrity: sha512-kKvD1tO6BM+oK9HzCPpUdRb4vKFQY/FPTFmurMvh6LlN68VMrdj77w8yp51/kDbpkFOS9J8w5W6zIzgM2H8/hw==}
    engines: {node: '>= 0.4'}

  entities@1.1.2:
    resolution: {integrity: sha512-f2LZMYl1Fzu7YSBKg+RoROelpOaNrcGmE9AZubeDfrCEia483oW4MI4VyFd5VNHIgQ/7qm1I0wUHK1eJnn2y2w==}

  entities@2.2.0:
    resolution: {integrity: sha512-p92if5Nz619I0w+akJrLZH0MX0Pb5DX39XOwQTtXSdQQOaYH03S1uIQp4mhOZtAXrxq4ViO67YTiLBo2638o9A==}

  entities@4.5.0:
    resolution: {integrity: sha512-V0hjH4dGPh9Ao5p0MoRY6BVqtwCjhz6vI5LT8AJ55H+4g9/4vbHx1I54fS0XuclLhDHArPQCiMjDxjaL8fPxhw==}
    engines: {node: '>=0.12'}

  error@4.4.0:
    resolution: {integrity: sha512-SNDKualLUtT4StGFP7xNfuFybL2f6iJujFtrWuvJqGbVQGaN+adE23veqzPz1hjUjTunLi2EnJ+0SJxtbJreKw==}

  es-define-property@1.0.1:
    resolution: {integrity: sha512-e3nRfgfUZ4rNGL232gUgX06QNyyez04KdjFrF+LTRoOXmrOgFKDg4BCdsjW8EnT69eqdYGmRpJwiPVYNrCaW3g==}
    engines: {node: '>= 0.4'}

  es-errors@1.3.0:
    resolution: {integrity: sha512-Zf5H2Kxt2xjTvbJvP2ZWLEICxA6j+hAmMzIlypy4xcBg1vKVnx89Wy0GbS+kf5cwCVFFzdCFh2XSCFNULS6csw==}
    engines: {node: '>= 0.4'}

  es-object-atoms@1.1.1:
    resolution: {integrity: sha512-FGgH2h8zKNim9ljj7dankFPcICIK9Cp5bm+c2gQSYePhpaG5+esrLODihIorn+Pe6FGJzWhXQotPv73jTaldXA==}
    engines: {node: '>= 0.4'}

  estree-walker@2.0.2:
    resolution: {integrity: sha512-Rfkk/Mp/DL7JVje3u18FxFujQlTNR2q6QfMSMB7AvCBx91NGj/ba3kCfza0f6dVDbw7YlRf/nDrn7pQrCCyQ/w==}

  ev-store@7.0.0:
    resolution: {integrity: sha512-otazchNRnGzp2YarBJ+GXKVGvhxVATB1zmaStxJBYet0Dyq7A9VhH8IUEB/gRcL6Ch52lfpgPTRJ2m49epyMsQ==}

  fdir@6.4.3:
    resolution: {integrity: sha512-PMXmW2y1hDDfTSRc9gaXIuCCRpuoz3Kaz8cUelp3smouvfT632ozg2vrT6lJsHKKOF59YLbOGfAWGUcKEfRMQw==}
    peerDependencies:
      picomatch: ^3 || ^4
    peerDependenciesMeta:
      picomatch:
        optional: true

  fsevents@2.3.3:
    resolution: {integrity: sha512-5xoDfX+fL7faATnagmWPpbFtwh/R77WmMMqqHGS65C3vvB0YHrgF+B1YmZ3441tMj5n63k0212XNoJwzlhffQw==}
    engines: {node: ^8.16.0 || ^10.6.0 || >=11.0.0}
    os: [darwin]

  function-bind@1.1.2:
    resolution: {integrity: sha512-7XHNxH7qX9xG5mIwxkhumTox/MIRNcOgDrxWsMt2pAr23WHp6MrRlN7FBSFpCpr+oVO0F744iUgR82nJMfG2SA==}

  get-intrinsic@1.3.0:
    resolution: {integrity: sha512-9fSjSaos/fRIVIp+xSJlE6lfwhES7LNtKaCBIamHsjr2na1BiABJPo0mOjjz8GJDURarmCPGqaiVg5mfjb98CQ==}
    engines: {node: '>= 0.4'}

  get-proto@1.0.1:
    resolution: {integrity: sha512-sTSfBjoXBp89JvIKIefqw7U2CCebsc74kiY6awiGogKtoSGbgjYE/G/+l9sF3MWFPNc9IcoOC4ODfKHfxFmp0g==}
    engines: {node: '>= 0.4'}

  global@4.4.0:
    resolution: {integrity: sha512-wv/LAoHdRE3BeTGz53FAamhGlPLhlssK45usmGFThIi4XqnBmjKQ16u+RNbP7WvigRZDxUsM0J3gcQ5yicaL0w==}

  gopd@1.2.0:
    resolution: {integrity: sha512-ZUKRh6/kUFoAiTAtTYPZJ3hw9wNxx+BIBOijnlG9PnrJsCcSjs1wyyD6vJpaYtgnzDrKYRSqf3OO6Rfa93xsRg==}
    engines: {node: '>= 0.4'}

  has-symbols@1.1.0:
    resolution: {integrity: sha512-1cDNdwJ2Jaohmb3sg4OmKaMBwuC48sYni5HUw2DvsC8LjGTLK9h+eb1X6RyuOHe4hT0ULCW68iomhjUoKUqlPQ==}
    engines: {node: '>= 0.4'}

  has-tostringtag@1.0.2:
    resolution: {integrity: sha512-NqADB8VjPFLM2V0VvHUewwwsw0ZWBaIdgo+ieHtK3hasLz4qeCRjYcqfB6AQrBggRKppKF8L52/VqdVsO47Dlw==}
    engines: {node: '>= 0.4'}

  hasown@2.0.2:
    resolution: {integrity: sha512-0hJU9SCPvmMzIBdZFqNPXWa6dqh7WdH0cII9y+CyS8rG3nL48Bclra9HmKhVVUHyPWNH5Y7xDwAB7bfgSjkUMQ==}
    engines: {node: '>= 0.4'}

  html-entities@2.5.2:
    resolution: {integrity: sha512-K//PSRMQk4FZ78Kyau+mZurHn3FH0Vwr+H36eE0rPbeYkRRi9YxceYPhuN60UwWorxyKHhqoAJl2OFKa4BVtaA==}

  html-to-docx@1.8.0:
    resolution: {integrity: sha512-IiMBWIqXM4+cEsW//RKoonWV7DlXAJBmmKI73XJSVWTIXjGUaxSr2ck1jqzVRZknpvO8xsFnVicldKVAWrBYBA==}

  html-to-vdom@0.7.0:
    resolution: {integrity: sha512-k+d2qNkbx0JO00KezQsNcn6k2I/xSBP4yXYFLvXbcasTTDh+RDLUJS3puxqyNnpdyXWRHFGoKU7cRmby8/APcQ==}

  htmlparser2@3.10.1:
    resolution: {integrity: sha512-IgieNijUMbkDovyoKObU1DUhm1iwNYE/fuifEoEHfd1oZKZDaONBSkal7Y01shxsM49R4XaMdGez3WnF9UfiCQ==}

  htmlparser2@9.1.0:
    resolution: {integrity: sha512-5zfg6mHUoaer/97TxnGpxmbR7zJtPwIYFMZ/H5ucTlPZhKvtum05yiPK3Mgai3a0DyVxv7qYqoweaEd2nrYQzQ==}

  iconv-lite@0.6.3:
    resolution: {integrity: sha512-4fCk79wshMdzMp2rH06qWrJE4iolqLhCUH+OiuIgU++RB0+94NlDL81atO7GX55uUKueo0txHNtvEyI6D7WdMw==}
    engines: {node: '>=0.10.0'}

  image-size@1.2.0:
    resolution: {integrity: sha512-4S8fwbO6w3GeCVN6OPtA9I5IGKkcDMPcKndtUlpJuCwu7JLjtj7JZpwqLuyY2nrmQT3AWsCJLSKPsc2mPBSl3w==}
    engines: {node: '>=16.x'}
    hasBin: true

  image-to-base64@2.2.0:
    resolution: {integrity: sha512-Z+aMwm/91UOQqHhrz7Upre2ytKhWejZlWV/JxUTD1sT7GWWKFDJUEV5scVQKnkzSgPHFuQBUEWcanO+ma0PSVw==}

  immediate@3.0.6:
    resolution: {integrity: sha512-XXOFtyqDjNDAQxVfYxuF7g9Il/IbWmmlQg2MYKOH8ExIT1qg6xc4zyS3HaEEATgs1btfzxq15ciUiY7gjSXRGQ==}

  individual@3.0.0:
    resolution: {integrity: sha512-rUY5vtT748NMRbEMrTNiFfy29BgGZwGXUi2NFUVMWQrogSLzlJvQV9eeMWi+g1aVaQ53tpyLAQtd5x/JH0Nh1g==}

  inherits@2.0.4:
    resolution: {integrity: sha512-k/vGaX4/Yla3WzyMCvTQOXYeIHvqOKtnqBduzTHpzpQZzAskKMhZ2K+EnBiSM9zGSoIFeMpXKxa4dYeZIQqewQ==}

  is-core-module@2.16.1:
    resolution: {integrity: sha512-UfoeMA6fIJ8wTYFEUjelnaGI67v6+N7qXJEvQuIGa99l4xsCruSYOVSQ0uPANn4dAzm8lkYPaKLrrijLq7x23w==}
    engines: {node: '>= 0.4'}

  is-module@1.0.0:
    resolution: {integrity: sha512-51ypPSPCoTEIN9dy5Oy+h4pShgJmPCygKfyRCISBI+JoWT/2oJvK8QPxmwv7b/p239jXrm9M1mlQbyKJ5A152g==}

  is-object@1.0.2:
    resolution: {integrity: sha512-2rRIahhZr2UWb45fIOuvZGpFtz0TyOZLf32KxBbSoUCeZR495zCKlWUKKUByk3geS2eAs7ZAABt0Y/Rx0GiQGA==}

  is-reference@1.2.1:
    resolution: {integrity: sha512-U82MsXXiFIrjCK4otLT+o2NA2Cd2g5MLoOVXUZjIOhLurrRxpEXzI8O0KZHr3IjLvlAH1kTPYSuqer5T9ZVBKQ==}

  is-regex@1.2.1:
    resolution: {integrity: sha512-MjYsKHO5O7mCsmRGxWcLWheFqN9DJ/2TmngvjKXihe6efViPqc274+Fx/4fYj/r03+ESvBdTXK0V6tA3rgez1g==}
    engines: {node: '>= 0.4'}

  isarray@1.0.0:
    resolution: {integrity: sha512-VLghIWNM6ELQzo7zwmcg0NmTVyWKYjvIeM83yjp0wRDTmUnrM678fQbcKBo6n2CJEF0szoG//ytg+TKla89ALQ==}

  jszip@3.10.1:
    resolution: {integrity: sha512-xXDvecyTpGLrqFrvkrUSoxxfJI5AH7U8zxxtVclpsUtMCq4JQ290LY8AW5c7Ggnr/Y/oK+bQMbqK2qmtk3pN4g==}

  lie@3.3.0:
    resolution: {integrity: sha512-UaiMJzeWRlEujzAuw5LokY1L5ecNQYZKfmyZ9L7wDHb/p5etKaxXhohBcrw0EYby+G/NA52vRSN4N39dxHAIwQ==}

  lodash@4.17.21:
    resolution: {integrity: sha512-v2kDEe57lecTulaDIuNTPy3Ry4gLGJ6Z1O3vE1krgXZNrsQ+LFTGHVxVjcXPs17LhbZVGedAJv8XZ1tvj5FvSg==}

  magic-string@0.30.17:
    resolution: {integrity: sha512-sNPKHvyjVf7gyjwS4xGTaW/mCnF8wnjtifKBEhxfZ7E/S8tQ0rssrwGNn6q8JH/ohItJfSQp9mBtQYuTlH5QnA==}

  math-intrinsics@1.1.0:
    resolution: {integrity: sha512-/IXtbwEk5HTPyEwyKX6hGkYXxM9nbj64B+ilVJnC/R6B0pH5G4V3b0pVbL7DBj4tkhBAppbQUlf6F6Xl9LHu1g==}
    engines: {node: '>= 0.4'}

  mime-db@1.52.0:
    resolution: {integrity: sha512-sPU4uV7dYlvtWJxwwxHD0PuihVNiE7TyAbQ5SWxDCB9mUYvOgroQOwYQQOKPJ8CIbE+1ETVlOoK1UC2nU3gYvg==}
    engines: {node: '>= 0.6'}

  mime-types@2.1.35:
    resolution: {integrity: sha512-ZDY+bPm5zTTF+YpCrAU9nK0UgICYPT0QtT1NZWFv4s++TNkcgVaT0g6+4R2uI4MjQjzysHB1zxuWL50hzaeXiw==}
    engines: {node: '>= 0.6'}

  min-document@2.19.0:
    resolution: {integrity: sha512-9Wy1B3m3f66bPPmU5hdA4DR4PB2OfDU/+GS3yAB7IQozE3tqXaVv2zOjgla7MEGSRv95+ILmOuvhLkOK6wJtCQ==}

  nanoid@3.3.8:
    resolution: {integrity: sha512-WNLf5Sd8oZxOm+TzppcYk8gVOgP+l58xNy58D0nbUnOxOWRWvlcCV4kUF7ltmI6PsrLl/BgKEyS4mqsGChFN0w==}
    engines: {node: ^10 || ^12 || ^13.7 || ^14 || >=15.0.1}
    hasBin: true

  next-tick@0.2.2:
    resolution: {integrity: sha512-f7h4svPtl+QidoBv4taKXUjJ70G2asaZ8G28nS0OkqaalX8dwwrtWtyxEDPK62AC00ur/+/E0pUwBwY5EPn15Q==}

  node-fetch@2.7.0:
    resolution: {integrity: sha512-c4FRfUm/dbcWZ7U+1Wq0AwCyFL+3nt2bEw05wfxSz+DWpWsitgmSgYmy2dQdWyKC1694ELPqMs/YzUSNozLt8A==}
    engines: {node: 4.x || >=6.0.0}
    peerDependencies:
      encoding: ^0.1.0
    peerDependenciesMeta:
      encoding:
        optional: true

  nth-check@2.1.1:
    resolution: {integrity: sha512-lqjrjmaOoAnWfMmBPL+XNnynZh2+swxiX3WUE0s4yEHI6m+AwrK2UZOimIRl3X/4QctVqS8AiZjFqyOGrMXb/w==}

  pako@1.0.11:
    resolution: {integrity: sha512-4hLB8Py4zZce5s4yd9XzopqwVv/yGNhV1Bl8NTmCq1763HeK2+EwVTv+leGeL13Dnh2wfbqowVPXCIO0z4taYw==}

  parse5-htmlparser2-tree-adapter@7.1.0:
    resolution: {integrity: sha512-ruw5xyKs6lrpo9x9rCZqZZnIUntICjQAd0Wsmp396Ul9lN/h+ifgVV1x1gZHi8euej6wTfpqX8j+BFQxF0NS/g==}

  parse5-parser-stream@7.1.2:
    resolution: {integrity: sha512-JyeQc9iwFLn5TbvvqACIF/VXG6abODeB3Fwmv/TGdLk2LfbWkaySGY72at4+Ty7EkPZj854u4CrICqNk2qIbow==}

  parse5@7.2.1:
    resolution: {integrity: sha512-BuBYQYlv1ckiPdQi/ohiivi9Sagc9JG+Ozs0r7b/0iK3sKmrb0b9FdWdBbOdx6hBCM/F9Ir82ofnBhtZOjCRPQ==}

  path-parse@1.0.7:
    resolution: {integrity: sha512-LDJzPVEEEPR+y48z93A0Ed0yXb8pAByGWo/k5YYdYgpY2/2EsOsksJrq7lOHxryrVOn1ejG6oAp8ahvOIQD8sw==}

  picomatch@4.0.2:
    resolution: {integrity: sha512-M7BAV6Rlcy5u+m6oPhAPFgJTzAioX/6B0DxyvDlo9l8+T3nLKbrczg2WLUyzd45L8RqfUMyGPzekbMvX2Ldkwg==}
    engines: {node: '>=12'}

  process-nextick-args@2.0.1:
    resolution: {integrity: sha512-3ouUOpQhtgrbOa17J7+uxOTpITYWaGP7/AhoR3+A+/1e9skrzelGi/dXzEYyvbxubEF6Wn2ypscTKiKJFFn1ag==}

  process@0.11.10:
    resolution: {integrity: sha512-cdGef/drWFoydD1JsMzuFf8100nZl+GT+yacc2bEced5f9Rjk4z+WtFUTBu9PhOi9j/jfmBPu0mMEY4wIdAF8A==}
    engines: {node: '>= 0.6.0'}

  punycode@1.4.1:
    resolution: {integrity: sha512-jmYNElW7yvO7TV33CjSmvSiE2yco3bV2czu/OzDKdMNVZQWfxCblURLhf+47syQRBntjfLdd/H0egrzIG+oaFQ==}

  queue@6.0.2:
    resolution: {integrity: sha512-iHZWu+q3IdFZFX36ro/lKBkSvfkztY5Y7HMiPlOUjhupPcG2JMfst2KKEpu5XndviX/3UhFbRngUPNKtgvtZiA==}

  randombytes@2.1.0:
    resolution: {integrity: sha512-vYl3iOX+4CKUWuxGi9Ukhie6fsqXqS9FE2Zaic4tNFD2N2QQaXOMFbuKK4QmDHC0JO6B1Zp41J0LpT0oR68amQ==}

  readable-stream@2.3.8:
    resolution: {integrity: sha512-8p0AUk4XODgIewSi0l8Epjs+EVnWiK7NoDIEGU0HhE7+ZyY8D1IMY7odu5lRrFXGg71L15KG8QrPmum45RTtdA==}

  readable-stream@3.6.2:
    resolution: {integrity: sha512-9u/sniCrY3D5WdsERHzHE4G2YCXqoG5FTHUiCC4SIbr6XcLZBY05ya9EKjYek9O5xOAwjGq+1JdGBAS7Q9ScoA==}
    engines: {node: '>= 6'}

  resolve@1.22.10:
    resolution: {integrity: sha512-NPRy+/ncIMeDlTAsuqwKIiferiawhefFJtkNSW0qZJEqMEb+qBt/77B/jGeeek+F0uOeN05CDa6HXbbIgtVX4w==}
    engines: {node: '>= 0.4'}
    hasBin: true

  rollup@4.36.0:
    resolution: {integrity: sha512-zwATAXNQxUcd40zgtQG0ZafcRK4g004WtEl7kbuhTWPvf07PsfohXl39jVUvPF7jvNAIkKPQ2XrsDlWuxBd++Q==}
    engines: {node: '>=18.0.0', npm: '>=8.0.0'}
    hasBin: true

  safe-buffer@5.1.2:
    resolution: {integrity: sha512-Gd2UZBJDkXlY7GbJxfsE8/nvKkUEU1G38c1siN6QP6a9PT9MmHB8GnpscSmMJSoF8LOIrt8ud/wPtojys4G6+g==}

  safe-buffer@5.2.1:
    resolution: {integrity: sha512-rp3So07KcdmmKbGvgaNxQSJr7bGVSVk5S9Eq1F+ppbRo70+YeaDxkw5Dd8NPN+GD6bjnYm2VuPuCXmpuYvmCXQ==}

  safe-regex-test@1.1.0:
    resolution: {integrity: sha512-x/+Cz4YrimQxQccJf5mKEbIa1NzeCRNI5Ecl/ekmlYaampdNLPalVyIcCZNNH3MvmqBugV5TMYZXv0ljslUlaw==}
    engines: {node: '>= 0.4'}

  safer-buffer@2.1.2:
    resolution: {integrity: sha512-YZo3K82SD7Riyi0E1EQPojLz7kpepnSQI9IyPbHHg1XXXevb5dJI7tpyN2ADxGcQbHG7vcyRHk0cbwqcQriUtg==}

  serialize-javascript@6.0.2:
    resolution: {integrity: sha512-Saa1xPByTTq2gdeFZYLLo+RFE35NHZkAbqZeWNd3BpzppeVisAqpDjcp8dyf6uIvEqJRd46jemmyA4iFIeVk8g==}

  setimmediate@1.0.5:
    resolution: {integrity: sha512-MATJdZp8sLqDl/68LfQmbP8zKPLQNV6BIZoIgrscFDQ+RsvK/BxeDQOgyxKKoh0y/8h3BqVFnCqQ/gd+reiIXA==}

  showdown@2.1.0:
    resolution: {integrity: sha512-/6NVYu4U819R2pUIk79n67SYgJHWCce0a5xTP979WbNp0FL9MN1I1QK662IDU1b6JzKTvmhgI7T7JYIxBi3kMQ==}
    hasBin: true

  smob@1.5.0:
    resolution: {integrity: sha512-g6T+p7QO8npa+/hNx9ohv1E5pVCmWrVCUzUXJyLdMmftX6ER0oiWY/w9knEonLpnOp6b6FenKnMfR8gqwWdwig==}

  source-map-support@0.5.21:
    resolution: {integrity: sha512-uBHU3L3czsIyYXKX88fdrGovxdSCoTGDRZ6SYXtSRxLZUzHg5P/66Ht6uoUlHu9EZod+inXhKo3qQgwXUT/y1w==}

  source-map@0.6.1:
    resolution: {integrity: sha512-UjgapumWlbMhkBgzT7Ykc5YXUT46F0iKu8SGXq0bcwP5dz/h0Plj6enJqjz1Zbq2l5WaqYnrVbwWOWMyF3F47g==}
    engines: {node: '>=0.10.0'}

  string-template@0.2.1:
    resolution: {integrity: sha512-Yptehjogou2xm4UJbxJ4CxgZx12HBfeystp0y3x7s4Dj32ltVVG1Gg8YhKjHZkHicuKpZX/ffilA8505VbUbpw==}

  string_decoder@1.1.1:
    resolution: {integrity: sha512-n/ShnvDi6FHbbVfviro+WojiFzv+s8MPMHBczVePfUpDJLwoLT0ht1l4YwBCbi8pJAveEEdnkHyPyTP/mzRfwg==}

  string_decoder@1.3.0:
    resolution: {integrity: sha512-hkRX8U1WjJFd8LsDJ2yQ/wWWxaopEsABU1XfkM8A+j0+85JAGppt16cr1Whg6KIbb4okU6Mql6BOj+uup/wKeA==}

  supports-preserve-symlinks-flag@1.0.0:
    resolution: {integrity: sha512-ot0WnXS9fgdkgIcePe6RHNk1WA8+muPa6cSjeR3V8K27q9BB1rTE3R1p7Hv0z1ZyAc8s6Vvv8DIyWf681MAt0w==}
    engines: {node: '>= 0.4'}

  terser@5.39.0:
    resolution: {integrity: sha512-LBAhFyLho16harJoWMg/nZsQYgTrg5jXOn2nCYjRUcZZEdE3qa2zb8QEDRUGVZBW4rlazf2fxkg8tztybTaqWw==}
    engines: {node: '>=10'}
    hasBin: true

  tr46@0.0.3:
    resolution: {integrity: sha512-N3WMsuqV66lT30CrXNbEjx4GEwlow3v6rr4mCcv6prnfwhS01rkgyFdjPNBYd9br7LpXV1+Emh01fHnq2Gdgrw==}

  undici@6.21.1:
    resolution: {integrity: sha512-q/1rj5D0/zayJB2FraXdaWxbhWiNKDvu8naDT2dl1yTlvJp4BLtOcp2a5BvgGNQpYYJzau7tf1WgKv3b+7mqpQ==}
    engines: {node: '>=18.17'}

  util-deprecate@1.0.2:
    resolution: {integrity: sha512-EPD5q1uXyFxJpCrLnCc1nHnq3gOa6DZBocAIiI2TaSCA7VCJ1UJDMagCzIkXNsUYfD1daK//LTEQ8xiIbrHtcw==}

  virtual-dom@2.1.1:
    resolution: {integrity: sha512-wb6Qc9Lbqug0kRqo/iuApfBpJJAq14Sk1faAnSmtqXiwahg7PVTvWMs9L02Z8nNIMqbwsxzBAA90bbtRLbw0zg==}

  webidl-conversions@3.0.1:
    resolution: {integrity: sha512-2JAn3z8AR6rjK8Sm8orRC0h/bcl/DqL7tRPdGZ4I1CjdF+EaMLmYxBHyXuKL849eucPFhvBoxMsflfOb8kxaeQ==}

  whatwg-encoding@3.1.1:
    resolution: {integrity: sha512-6qN4hJdMwfYBtE3YBTTHhoeuUrDBPZmbQaxWAqSALV/MeEnR5z1xd8UKud2RAkFoPkmB+hli1TZSnyi84xz1vQ==}
    engines: {node: '>=18'}

  whatwg-mimetype@4.0.0:
    resolution: {integrity: sha512-QaKxh0eNIi2mE9p2vEdzfagOKHCcj1pJ56EEHGQOVxp8r9/iszLUUV7v89x9O1p/T+NlTM5W7jW6+cz4Fq1YVg==}
    engines: {node: '>=18'}

  whatwg-url@5.0.0:
    resolution: {integrity: sha512-saE57nupxk6v3HY35+jzBwYa0rKSy0XR8JSxZPwgLr7ys0IBzhGviA1/TUGJLmSVqs8pb9AnvICXEuOHLprYTw==}

  x-is-array@0.1.0:
    resolution: {integrity: sha512-goHPif61oNrr0jJgsXRfc8oqtYzvfiMJpTqwE7Z4y9uH+T3UozkGqQ4d2nX9mB9khvA8U2o/UbPOFjgC7hLWIA==}

  x-is-string@0.1.0:
    resolution: {integrity: sha512-GojqklwG8gpzOVEVki5KudKNoq7MbbjYZCbyWzEz7tyPA7eleiE0+ePwOWQQRb5fm86rD3S8Tc0tSFf3AOv50w==}

  xmlbuilder2@2.1.2:
    resolution: {integrity: sha512-PI710tmtVlQ5VmwzbRTuhmVhKnj9pM8Si+iOZCV2g2SNo3gCrpzR2Ka9wNzZtqfD+mnP+xkrqoNy0sjKZqP4Dg==}
    engines: {node: '>=8.0'}

  xtend@4.0.2:
    resolution: {integrity: sha512-LKYU1iAXJXUgAXn9URjiu+MWhyUXHsvfp7mcuYm9dSUKK0/CjtrUwFAxD82/mCWbtLsGjFIad0wIsod4zrTAEQ==}
    engines: {node: '>=0.4'}

snapshots:

  '@jridgewell/gen-mapping@0.3.8':
    dependencies:
      '@jridgewell/set-array': 1.2.1
      '@jridgewell/sourcemap-codec': 1.5.0
      '@jridgewell/trace-mapping': 0.3.25

  '@jridgewell/resolve-uri@3.1.2': {}

  '@jridgewell/set-array@1.2.1': {}

  '@jridgewell/source-map@0.3.6':
    dependencies:
      '@jridgewell/gen-mapping': 0.3.8
      '@jridgewell/trace-mapping': 0.3.25

  '@jridgewell/sourcemap-codec@1.5.0': {}

  '@jridgewell/trace-mapping@0.3.25':
    dependencies:
      '@jridgewell/resolve-uri': 3.1.2
      '@jridgewell/sourcemap-codec': 1.5.0

  '@oozcitak/dom@1.15.5':
    dependencies:
      '@oozcitak/infra': 1.0.5
      '@oozcitak/url': 1.0.0
      '@oozcitak/util': 8.0.0

  '@oozcitak/dom@1.15.6':
    dependencies:
      '@oozcitak/infra': 1.0.5
      '@oozcitak/url': 1.0.0
      '@oozcitak/util': 8.3.4

  '@oozcitak/infra@1.0.3':
    dependencies:
      '@oozcitak/util': 1.0.1

  '@oozcitak/infra@1.0.5':
    dependencies:
      '@oozcitak/util': 8.0.0

  '@oozcitak/url@1.0.0':
    dependencies:
      '@oozcitak/infra': 1.0.3
      '@oozcitak/util': 1.0.2

  '@oozcitak/util@1.0.1': {}

  '@oozcitak/util@1.0.2': {}

  '@oozcitak/util@8.0.0': {}

  '@oozcitak/util@8.3.3': {}

  '@oozcitak/util@8.3.4': {}

  '@rollup/plugin-commonjs@28.0.3(rollup@4.36.0)':
    dependencies:
      '@rollup/pluginutils': 5.1.4(rollup@4.36.0)
      commondir: 1.0.1
      estree-walker: 2.0.2
      fdir: 6.4.3(picomatch@4.0.2)
      is-reference: 1.2.1
      magic-string: 0.30.17
      picomatch: 4.0.2
    optionalDependencies:
      rollup: 4.36.0

  '@rollup/plugin-node-resolve@16.0.1(rollup@4.36.0)':
    dependencies:
      '@rollup/pluginutils': 5.1.4(rollup@4.36.0)
      '@types/resolve': 1.20.2
      deepmerge: 4.3.1
      is-module: 1.0.0
      resolve: 1.22.10
    optionalDependencies:
      rollup: 4.36.0

  '@rollup/plugin-terser@0.4.4(rollup@4.36.0)':
    dependencies:
      serialize-javascript: 6.0.2
      smob: 1.5.0
      terser: 5.39.0
    optionalDependencies:
      rollup: 4.36.0

  '@rollup/pluginutils@5.1.4(rollup@4.36.0)':
    dependencies:
      '@types/estree': 1.0.6
      estree-walker: 2.0.2
      picomatch: 4.0.2
    optionalDependencies:
      rollup: 4.36.0

  '@rollup/rollup-android-arm-eabi@4.36.0':
    optional: true

  '@rollup/rollup-android-arm64@4.36.0':
    optional: true

  '@rollup/rollup-darwin-arm64@4.36.0':
    optional: true

  '@rollup/rollup-darwin-x64@4.36.0':
    optional: true

  '@rollup/rollup-freebsd-arm64@4.36.0':
    optional: true

  '@rollup/rollup-freebsd-x64@4.36.0':
    optional: true

  '@rollup/rollup-linux-arm-gnueabihf@4.36.0':
    optional: true

  '@rollup/rollup-linux-arm-musleabihf@4.36.0':
    optional: true

  '@rollup/rollup-linux-arm64-gnu@4.36.0':
    optional: true

  '@rollup/rollup-linux-arm64-musl@4.36.0':
    optional: true

  '@rollup/rollup-linux-loongarch64-gnu@4.36.0':
    optional: true

  '@rollup/rollup-linux-powerpc64le-gnu@4.36.0':
    optional: true

  '@rollup/rollup-linux-riscv64-gnu@4.36.0':
    optional: true

  '@rollup/rollup-linux-s390x-gnu@4.36.0':
    optional: true

  '@rollup/rollup-linux-x64-gnu@4.36.0':
    optional: true

  '@rollup/rollup-linux-x64-musl@4.36.0':
    optional: true

  '@rollup/rollup-win32-arm64-msvc@4.36.0':
    optional: true

  '@rollup/rollup-win32-ia32-msvc@4.36.0':
    optional: true

  '@rollup/rollup-win32-x64-msvc@4.36.0':
    optional: true

  '@types/estree@1.0.6': {}

  '@types/resolve@1.20.2': {}

  acorn@8.14.1: {}

  boolbase@1.0.0: {}

  browser-split@0.0.1: {}

  buffer-from@1.1.2: {}

  call-bind-apply-helpers@1.0.2:
    dependencies:
      es-errors: 1.3.0
      function-bind: 1.1.2

  call-bound@1.0.3:
    dependencies:
      call-bind-apply-helpers: 1.0.2
      get-intrinsic: 1.3.0

  camelize@1.0.1: {}

  cheerio-select@2.1.0:
    dependencies:
      boolbase: 1.0.0
      css-select: 5.1.0
      css-what: 6.1.0
      domelementtype: 2.3.0
      domhandler: 5.0.3
      domutils: 3.2.2

  cheerio@1.0.0:
    dependencies:
      cheerio-select: 2.1.0
      dom-serializer: 2.0.0
      domhandler: 5.0.3
      domutils: 3.2.2
      encoding-sniffer: 0.2.0
      htmlparser2: 9.1.0
      parse5: 7.2.1
      parse5-htmlparser2-tree-adapter: 7.1.0
      parse5-parser-stream: 7.1.2
      undici: 6.21.1
      whatwg-mimetype: 4.0.0

  color-name@1.1.4: {}

  commander@2.20.3: {}

  commander@9.5.0: {}

  commondir@1.0.1: {}

  core-util-is@1.0.3: {}

  css-select@5.1.0:
    dependencies:
      boolbase: 1.0.0
      css-what: 6.1.0
      domhandler: 5.0.3
      domutils: 3.2.2
      nth-check: 2.1.1

  css-what@6.1.0: {}

  deepmerge@4.3.1: {}

  dom-serializer@0.2.2:
    dependencies:
      domelementtype: 2.3.0
      entities: 2.2.0

  dom-serializer@2.0.0:
    dependencies:
      domelementtype: 2.3.0
      domhandler: 5.0.3
      entities: 4.5.0

  dom-walk@0.1.2: {}

  domelementtype@1.3.1: {}

  domelementtype@2.3.0: {}

  domhandler@2.4.2:
    dependencies:
      domelementtype: 1.3.1

  domhandler@5.0.3:
    dependencies:
      domelementtype: 2.3.0

  domutils@1.7.0:
    dependencies:
      dom-serializer: 0.2.2
      domelementtype: 1.3.1

  domutils@3.2.2:
    dependencies:
      dom-serializer: 2.0.0
      domelementtype: 2.3.0
      domhandler: 5.0.3

  dunder-proto@1.0.1:
    dependencies:
      call-bind-apply-helpers: 1.0.2
      es-errors: 1.3.0
      gopd: 1.2.0

  encoding-sniffer@0.2.0:
    dependencies:
      iconv-lite: 0.6.3
      whatwg-encoding: 3.1.1

  ent@2.2.2:
    dependencies:
      call-bound: 1.0.3
      es-errors: 1.3.0
      punycode: 1.4.1
      safe-regex-test: 1.1.0

  entities@1.1.2: {}

  entities@2.2.0: {}

  entities@4.5.0: {}

  error@4.4.0:
    dependencies:
      camelize: 1.0.1
      string-template: 0.2.1
      xtend: 4.0.2

  es-define-property@1.0.1: {}

  es-errors@1.3.0: {}

  es-object-atoms@1.1.1:
    dependencies:
      es-errors: 1.3.0

  estree-walker@2.0.2: {}

  ev-store@7.0.0:
    dependencies:
      individual: 3.0.0

  fdir@6.4.3(picomatch@4.0.2):
    optionalDependencies:
      picomatch: 4.0.2

  fsevents@2.3.3:
    optional: true

  function-bind@1.1.2: {}

  get-intrinsic@1.3.0:
    dependencies:
      call-bind-apply-helpers: 1.0.2
      es-define-property: 1.0.1
      es-errors: 1.3.0
      es-object-atoms: 1.1.1
      function-bind: 1.1.2
      get-proto: 1.0.1
      gopd: 1.2.0
      has-symbols: 1.1.0
      hasown: 2.0.2
      math-intrinsics: 1.1.0

  get-proto@1.0.1:
    dependencies:
      dunder-proto: 1.0.1
      es-object-atoms: 1.1.1

  global@4.4.0:
    dependencies:
      min-document: 2.19.0
      process: 0.11.10

  gopd@1.2.0: {}

  has-symbols@1.1.0: {}

  has-tostringtag@1.0.2:
    dependencies:
      has-symbols: 1.1.0

  hasown@2.0.2:
    dependencies:
      function-bind: 1.1.2

  html-entities@2.5.2: {}

  html-to-docx@1.8.0:
    dependencies:
      '@oozcitak/dom': 1.15.6
      '@oozcitak/util': 8.3.4
      color-name: 1.1.4
      html-entities: 2.5.2
      html-to-vdom: 0.7.0
      image-size: 1.2.0
      image-to-base64: 2.2.0
      jszip: 3.10.1
      lodash: 4.17.21
      mime-types: 2.1.35
      nanoid: 3.3.8
      virtual-dom: 2.1.1
      xmlbuilder2: 2.1.2
    transitivePeerDependencies:
      - encoding

  html-to-vdom@0.7.0:
    dependencies:
      ent: 2.2.2
      htmlparser2: 3.10.1

  htmlparser2@3.10.1:
    dependencies:
      domelementtype: 1.3.1
      domhandler: 2.4.2
      domutils: 1.7.0
      entities: 1.1.2
      inherits: 2.0.4
      readable-stream: 3.6.2

  htmlparser2@9.1.0:
    dependencies:
      domelementtype: 2.3.0
      domhandler: 5.0.3
      domutils: 3.2.2
      entities: 4.5.0

  iconv-lite@0.6.3:
    dependencies:
      safer-buffer: 2.1.2

  image-size@1.2.0:
    dependencies:
      queue: 6.0.2

  image-to-base64@2.2.0:
    dependencies:
      node-fetch: 2.7.0
    transitivePeerDependencies:
      - encoding

  immediate@3.0.6: {}

  individual@3.0.0: {}

  inherits@2.0.4: {}

  is-core-module@2.16.1:
    dependencies:
      hasown: 2.0.2

  is-module@1.0.0: {}

  is-object@1.0.2: {}

  is-reference@1.2.1:
    dependencies:
      '@types/estree': 1.0.6

  is-regex@1.2.1:
    dependencies:
      call-bound: 1.0.3
      gopd: 1.2.0
      has-tostringtag: 1.0.2
      hasown: 2.0.2

  isarray@1.0.0: {}

  jszip@3.10.1:
    dependencies:
      lie: 3.3.0
      pako: 1.0.11
      readable-stream: 2.3.8
      setimmediate: 1.0.5

  lie@3.3.0:
    dependencies:
      immediate: 3.0.6

  lodash@4.17.21: {}

  magic-string@0.30.17:
    dependencies:
      '@jridgewell/sourcemap-codec': 1.5.0

  math-intrinsics@1.1.0: {}

  mime-db@1.52.0: {}

  mime-types@2.1.35:
    dependencies:
      mime-db: 1.52.0

  min-document@2.19.0:
    dependencies:
      dom-walk: 0.1.2

  nanoid@3.3.8: {}

  next-tick@0.2.2: {}

  node-fetch@2.7.0:
    dependencies:
      whatwg-url: 5.0.0

  nth-check@2.1.1:
    dependencies:
      boolbase: 1.0.0

  pako@1.0.11: {}

  parse5-htmlparser2-tree-adapter@7.1.0:
    dependencies:
      domhandler: 5.0.3
      parse5: 7.2.1

  parse5-parser-stream@7.1.2:
    dependencies:
      parse5: 7.2.1

  parse5@7.2.1:
    dependencies:
      entities: 4.5.0

  path-parse@1.0.7: {}

  picomatch@4.0.2: {}

  process-nextick-args@2.0.1: {}

  process@0.11.10: {}

  punycode@1.4.1: {}

  queue@6.0.2:
    dependencies:
      inherits: 2.0.4

  randombytes@2.1.0:
    dependencies:
      safe-buffer: 5.2.1

  readable-stream@2.3.8:
    dependencies:
      core-util-is: 1.0.3
      inherits: 2.0.4
      isarray: 1.0.0
      process-nextick-args: 2.0.1
      safe-buffer: 5.1.2
      string_decoder: 1.1.1
      util-deprecate: 1.0.2

  readable-stream@3.6.2:
    dependencies:
      inherits: 2.0.4
      string_decoder: 1.3.0
      util-deprecate: 1.0.2

  resolve@1.22.10:
    dependencies:
      is-core-module: 2.16.1
      path-parse: 1.0.7
      supports-preserve-symlinks-flag: 1.0.0

  rollup@4.36.0:
    dependencies:
      '@types/estree': 1.0.6
    optionalDependencies:
      '@rollup/rollup-android-arm-eabi': 4.36.0
      '@rollup/rollup-android-arm64': 4.36.0
      '@rollup/rollup-darwin-arm64': 4.36.0
      '@rollup/rollup-darwin-x64': 4.36.0
      '@rollup/rollup-freebsd-arm64': 4.36.0
      '@rollup/rollup-freebsd-x64': 4.36.0
      '@rollup/rollup-linux-arm-gnueabihf': 4.36.0
      '@rollup/rollup-linux-arm-musleabihf': 4.36.0
      '@rollup/rollup-linux-arm64-gnu': 4.36.0
      '@rollup/rollup-linux-arm64-musl': 4.36.0
      '@rollup/rollup-linux-loongarch64-gnu': 4.36.0
      '@rollup/rollup-linux-powerpc64le-gnu': 4.36.0
      '@rollup/rollup-linux-riscv64-gnu': 4.36.0
      '@rollup/rollup-linux-s390x-gnu': 4.36.0
      '@rollup/rollup-linux-x64-gnu': 4.36.0
      '@rollup/rollup-linux-x64-musl': 4.36.0
      '@rollup/rollup-win32-arm64-msvc': 4.36.0
      '@rollup/rollup-win32-ia32-msvc': 4.36.0
      '@rollup/rollup-win32-x64-msvc': 4.36.0
      fsevents: 2.3.3

  safe-buffer@5.1.2: {}

  safe-buffer@5.2.1: {}

  safe-regex-test@1.1.0:
    dependencies:
      call-bound: 1.0.3
      es-errors: 1.3.0
      is-regex: 1.2.1

  safer-buffer@2.1.2: {}

  serialize-javascript@6.0.2:
    dependencies:
      randombytes: 2.1.0

  setimmediate@1.0.5: {}

  showdown@2.1.0:
    dependencies:
      commander: 9.5.0

  smob@1.5.0: {}

  source-map-support@0.5.21:
    dependencies:
      buffer-from: 1.1.2
      source-map: 0.6.1

  source-map@0.6.1: {}

  string-template@0.2.1: {}

  string_decoder@1.1.1:
    dependencies:
      safe-buffer: 5.1.2

  string_decoder@1.3.0:
    dependencies:
      safe-buffer: 5.2.1

  supports-preserve-symlinks-flag@1.0.0: {}

  terser@5.39.0:
    dependencies:
      '@jridgewell/source-map': 0.3.6
      acorn: 8.14.1
      commander: 2.20.3
      source-map-support: 0.5.21

  tr46@0.0.3: {}

  undici@6.21.1: {}

  util-deprecate@1.0.2: {}

  virtual-dom@2.1.1:
    dependencies:
      browser-split: 0.0.1
      error: 4.4.0
      ev-store: 7.0.0
      global: 4.4.0
      is-object: 1.0.2
      next-tick: 0.2.2
      x-is-array: 0.1.0
      x-is-string: 0.1.0

  webidl-conversions@3.0.1: {}

  whatwg-encoding@3.1.1:
    dependencies:
      iconv-lite: 0.6.3

  whatwg-mimetype@4.0.0: {}

  whatwg-url@5.0.0:
    dependencies:
      tr46: 0.0.3
      webidl-conversions: 3.0.1

  x-is-array@0.1.0: {}

  x-is-string@0.1.0: {}

  xmlbuilder2@2.1.2:
    dependencies:
      '@oozcitak/dom': 1.15.5
      '@oozcitak/infra': 1.0.5
      '@oozcitak/util': 8.3.3

  xtend@4.0.2: {}
